
Microsoft Visual Studio Solution File, Format Version 12.00
# Visual Studio Version 17
VisualStudioVersion = 17.0.31903.59
MinimumVisualStudioVersion = 10.0.40219.1
Project("{2150E333-8FDC-42A3-9474-1A3956D46DE8}") = "src", "src", "{19AA6CEE-141E-4953-912A-64AAAD3342CB}"
EndProject
Project("{FAE04EC0-301F-11D3-BF4B-00C04F79EFBC}") = "Common", "src\Common\Common.csproj", "{56484936-5161-4EA6-946D-B331E4301496}"
EndProject
Project("{2150E333-8FDC-42A3-9474-1A3956D46DE8}") = "Agents", "Agents", "{2803FD9B-0239-429F-B480-46262E9D5031}"
EndProject
Project("{FAE04EC0-301F-11D3-BF4B-00C04F79EFBC}") = "MealPlannerAgent", "src\Agents\MealPlannerAgent\MealPlannerAgent.csproj", "{D1969DB8-CD29-48B1-AF3E-16D8735B6AE7}"
EndProject
Project("{FAE04EC0-301F-11D3-BF4B-00C04F79EFBC}") = "InventoryAgent", "src\Agents\InventoryAgent\InventoryAgent.csproj", "{A60BA6B5-119D-4615-9C7E-36145D51CFCF}"
EndProject
Project("{FAE04EC0-301F-11D3-BF4B-00C04F79EFBC}") = "Orchestrator", "src\Orchestrator\Orchestrator.csproj", "{12E2CA66-77F5-44A8-A79E-AEDA563D965B}"
EndProject
Global
	GlobalSection(SolutionConfigurationPlatforms) = preSolution
		Debug|Any CPU = Debug|Any CPU
		Release|Any CPU = Release|Any CPU
	EndGlobalSection
	GlobalSection(SolutionProperties) = preSolution
		HideSolutionNode = FALSE
	EndGlobalSection
	GlobalSection(ProjectConfigurationPlatforms) = postSolution
		{56484936-5161-4EA6-946D-B331E4301496}.Debug|Any CPU.ActiveCfg = Debug|Any CPU
		{56484936-5161-4EA6-946D-B331E4301496}.Debug|Any CPU.Build.0 = Debug|Any CPU
		{56484936-5161-4EA6-946D-B331E4301496}.Release|Any CPU.ActiveCfg = Release|Any CPU
		{56484936-5161-4EA6-946D-B331E4301496}.Release|Any CPU.Build.0 = Release|Any CPU
		{D1969DB8-CD29-48B1-AF3E-16D8735B6AE7}.Debug|Any CPU.ActiveCfg = Debug|Any CPU
		{D1969DB8-CD29-48B1-AF3E-16D8735B6AE7}.Debug|Any CPU.Build.0 = Debug|Any CPU
		{D1969DB8-CD29-48B1-AF3E-16D8735B6AE7}.Release|Any CPU.ActiveCfg = Release|Any CPU
		{D1969DB8-CD29-48B1-AF3E-16D8735B6AE7}.Release|Any CPU.Build.0 = Release|Any CPU
		{A60BA6B5-119D-4615-9C7E-36145D51CFCF}.Debug|Any CPU.ActiveCfg = Debug|Any CPU
		{A60BA6B5-119D-4615-9C7E-36145D51CFCF}.Debug|Any CPU.Build.0 = Debug|Any CPU
		{A60BA6B5-119D-4615-9C7E-36145D51CFCF}.Release|Any CPU.ActiveCfg = Release|Any CPU
		{A60BA6B5-119D-4615-9C7E-36145D51CFCF}.Release|Any CPU.Build.0 = Release|Any CPU
		{12E2CA66-77F5-44A8-A79E-AEDA563D965B}.Debug|Any CPU.ActiveCfg = Debug|Any CPU
		{12E2CA66-77F5-44A8-A79E-AEDA563D965B}.Debug|Any CPU.Build.0 = Debug|Any CPU
		{12E2CA66-77F5-44A8-A79E-AEDA563D965B}.Release|Any CPU.ActiveCfg = Release|Any CPU
		{12E2CA66-77F5-44A8-A79E-AEDA563D965B}.Release|Any CPU.Build.0 = Release|Any CPU
	EndGlobalSection
	GlobalSection(NestedProjects) = preSolution
		{56484936-5161-4EA6-946D-B331E4301496} = {19AA6CEE-141E-4953-912A-64AAAD3342CB}
		{2803FD9B-0239-429F-B480-46262E9D5031} = {19AA6CEE-141E-4953-912A-64AAAD3342CB}
		{D1969DB8-CD29-48B1-AF3E-16D8735B6AE7} = {2803FD9B-0239-429F-B480-46262E9D5031}
		{A60BA6B5-119D-4615-9C7E-36145D51CFCF} = {2803FD9B-0239-429F-B480-46262E9D5031}
		{12E2CA66-77F5-44A8-A79E-AEDA563D965B} = {19AA6CEE-141E-4953-912A-64AAAD3342CB}
	EndGlobalSection
EndGlobal
